// !$*UTF8*$!
{
	archiveVersion = 1;
	classes = {
	};
	objectVersion = 46;
	objects = {

/* Begin PBXBuildFile section */
		82E6961B2097A7A600C37700 /* AppDelegate.swift in Sources */ = {isa = PBXBuildFile; fileRef = 82E6961A2097A7A600C37700 /* AppDelegate.swift */; };
		82E696202097A7A600C37700 /* Main.storyboard in Resources */ = {isa = PBXBuildFile; fileRef = 82E6961E2097A7A600C37700 /* Main.storyboard */; };
		82E696222097A7A600C37700 /* Assets.xcassets in Resources */ = {isa = PBXBuildFile; fileRef = 82E696212097A7A600C37700 /* Assets.xcassets */; };
		82E696252097A7A600C37700 /* LaunchScreen.storyboard in Resources */ = {isa = PBXBuildFile; fileRef = 82E696232097A7A600C37700 /* LaunchScreen.storyboard */; };
		82E6963B20A0A1EE00C37700 /* Networking.swift in Sources */ = {isa = PBXBuildFile; fileRef = 82E6963A20A0A1EE00C37700 /* Networking.swift */; };
		82E6963D20A0A29E00C37700 /* QuoteData.swift in Sources */ = {isa = PBXBuildFile; fileRef = 82E6963C20A0A29E00C37700 /* QuoteData.swift */; };
		82E6963F20A0A40100C37700 /* TableViewController.swift in Sources */ = {isa = PBXBuildFile; fileRef = 82E6963E20A0A40100C37700 /* TableViewController.swift */; };
		82E6964120A1221100C37700 /* QuoteView.xib in Resources */ = {isa = PBXBuildFile; fileRef = 82E6964020A1221100C37700 /* QuoteView.xib */; };
		82E6964520A39EF400C37700 /* QuoteView.swift in Sources */ = {isa = PBXBuildFile; fileRef = 82E6964420A39EF400C37700 /* QuoteView.swift */; };
/* End PBXBuildFile section */

/* Begin PBXFileReference section */
		82E696172097A7A600C37700 /* QuotePro.app */ = {isa = PBXFileReference; explicitFileType = wrapper.application; includeInIndex = 0; path = QuotePro.app; sourceTree = BUILT_PRODUCTS_DIR; };
		82E6961A2097A7A600C37700 /* AppDelegate.swift */ = {isa = PBXFileReference; lastKnownFileType = sourcecode.swift; path = AppDelegate.swift; sourceTree = "<group>"; };
		82E6961F2097A7A600C37700 /* Base */ = {isa = PBXFileReference; lastKnownFileType = file.storyboard; name = Base; path = Base.lproj/Main.storyboard; sourceTree = "<group>"; };
		82E696212097A7A600C37700 /* Assets.xcassets */ = {isa = PBXFileReference; lastKnownFileType = folder.assetcatalog; path = Assets.xcassets; sourceTree = "<group>"; };
		82E696242097A7A600C37700 /* Base */ = {isa = PBXFileReference; lastKnownFileType = file.storyboard; name = Base; path = Base.lproj/LaunchScreen.storyboard; sourceTree = "<group>"; };
		82E696262097A7A600C37700 /* Info.plist */ = {isa = PBXFileReference; lastKnownFileType = text.plist.xml; path = Info.plist; sourceTree = "<group>"; };
		82E6963A20A0A1EE00C37700 /* Networking.swift */ = {isa = PBXFileReference; fileEncoding = 4; lastKnownFileType = sourcecode.swift; name = Networking.swift; path = ../Networking.swift; sourceTree = "<group>"; };
		82E6963C20A0A29E00C37700 /* QuoteData.swift */ = {isa = PBXFileReference; fileEncoding = 4; lastKnownFileType = sourcecode.swift; name = QuoteData.swift; path = ../QuoteData.swift; sourceTree = "<group>"; };
		82E6963E20A0A40100C37700 /* TableViewController.swift */ = {isa = PBXFileReference; fileEncoding = 4; lastKnownFileType = sourcecode.swift; path = TableViewController.swift; sourceTree = "<group>"; };
		82E6964020A1221100C37700 /* QuoteView.xib */ = {isa = PBXFileReference; fileEncoding = 4; lastKnownFileType = file.xib; path = QuoteView.xib; sourceTree = "<group>"; };
		82E6964420A39EF400C37700 /* QuoteView.swift */ = {isa = PBXFileReference; fileEncoding = 4; lastKnownFileType = sourcecode.swift; name = QuoteView.swift; path = ../QuoteView.swift; sourceTree = "<group>"; };
/* End PBXFileReference section */

/* Begin PBXFrameworksBuildPhase section */
		82E696142097A7A600C37700 /* Frameworks */ = {
			isa = PBXFrameworksBuildPhase;
			buildActionMask = 2147483647;
			files = (
			);
			runOnlyForDeploymentPostprocessing = 0;
		};
/* End PBXFrameworksBuildPhase section */

/* Begin PBXGroup section */
		82E6960E2097A7A600C37700 = {
			isa = PBXGroup;
			children = (
				82E696192097A7A600C37700 /* QuotePro */,
				82E696182097A7A600C37700 /* Products */,
			);
			sourceTree = "<group>";
		};
		82E696182097A7A600C37700 /* Products */ = {
			isa = PBXGroup;
			children = (
				82E696172097A7A600C37700 /* QuotePro.app */,
			);
			name = Products;
			sourceTree = "<group>";
		};
		82E696192097A7A600C37700 /* QuotePro */ = {
			isa = PBXGroup;
			children = (
				82E6961E2097A7A600C37700 /* Main.storyboard */,
				82E6963E20A0A40100C37700 /* TableViewController.swift */,
				82E6964420A39EF400C37700 /* QuoteView.swift */,
				82E6964020A1221100C37700 /* QuoteView.xib */,
				82E6963A20A0A1EE00C37700 /* Networking.swift */,
				82E6963C20A0A29E00C37700 /* QuoteData.swift */,
				82E6961A2097A7A600C37700 /* AppDelegate.swift */,
				82E696212097A7A600C37700 /* Assets.xcassets */,
				82E696232097A7A600C37700 /* LaunchScreen.storyboard */,
				82E696262097A7A600C37700 /* Info.plist */,
			);
			path = QuotePro;
			sourceTree = "<group>";
		};
/* End PBXGroup section */

/* Begin PBXNativeTarget section */
		82E696162097A7A600C37700 /* QuotePro */ = {
			isa = PBXNativeTarget;
			buildConfigurationList = 82E696292097A7A600C37700 /* Build configuration list for PBXNativeTarget "QuotePro" */;
			buildPhases = (
				82E696132097A7A600C37700 /* Sources */,
				82E696142097A7A600C37700 /* Frameworks */,
				82E696152097A7A600C37700 /* Resources */,
			);
			buildRules = (
			);
			dependencies = (
			);
			name = QuotePro;
			productName = QuotePro;
			productReference = 82E696172097A7A600C37700 /* QuotePro.app */;
			productType = "com.apple.product-type.application";
		};
/* End PBXNativeTarget section */

/* Begin PBXProject section */
		82E6960F2097A7A600C37700 /* Project object */ = {
			isa = PBXProject;
			attributes = {
				LastSwiftUpdateCheck = 0830;
				LastUpgradeCheck = 0830;
				ORGANIZATIONNAME = appcat.com;
				TargetAttributes = {
					82E696162097A7A600C37700 = {
						CreatedOnToolsVersion = 8.3.3;
						ProvisioningStyle = Automatic;
					};
				};
			};
			buildConfigurationList = 82E696122097A7A600C37700 /* Build configuration list for PBXProject "QuotePro" */;
			compatibilityVersion = "Xcode 3.2";
			developmentRegion = English;
			hasScannedForEncodings = 0;
			knownRegions = (
				en,
				Base,
			);
			mainGroup = 82E6960E2097A7A600C37700;
			productRefGroup = 82E696182097A7A600C37700 /* Products */;
			projectDirPath = "";
			projectRoot = "";
			targets = (
				82E696162097A7A600C37700 /* QuotePro */,
			);
		};
/* End PBXProject section */

/* Begin PBXResourcesBuildPhase section */
		82E696152097A7A600C37700 /* Resources */ = {
			isa = PBXResourcesBuildPhase;
			buildActionMask = 2147483647;
			files = (
				82E696252097A7A600C37700 /* LaunchScreen.storyboard in Resources */,
				82E696222097A7A600C37700 /* Assets.xcassets in Resources */,
				82E696202097A7A600C37700 /* Main.storyboard in Resources */,
				82E6964120A1221100C37700 /* QuoteView.xib in Resources */,
			);
			runOnlyForDeploymentPostprocessing = 0;
		};
/* End PBXResourcesBuildPhase section */

/* Begin PBXSourcesBuildPhase section */
		82E696132097A7A600C37700 /* Sources */ = {
			isa = PBXSourcesBuildPhase;
			buildActionMask = 2147483647;
			files = (
				82E6963D20A0A29E00C37700 /* QuoteData.swift in Sources */,
				82E6964520A39EF400C37700 /* QuoteView.swift in Sources */,
				82E6961B2097A7A600C37700 /* AppDelegate.swift in Sources */,
				82E6963B20A0A1EE00C37700 /* Networking.swift in Sources */,
				82E6963F20A0A40100C37700 /* TableViewController.swift in Sources */,
			);
			runOnlyForDeploymentPostprocessing = 0;
		};
/* End PBXSourcesBuildPhase section */

/* Begin PBXVariantGroup section */
		82E6961E2097A7A600C37700 /* Main.storyboard */ = {
			isa = PBXVariantGroup;
			children = (
				82E6961F2097A7A600C37700 /* Base */,
			);
			name = Main.storyboard;
			sourceTree = "<group>";
		};
		82E696232097A7A600C37700 /* LaunchScreen.storyboard */ = {
			isa = PBXVariantGroup;
			children = (
				82E696242097A7A600C37700 /* Base */,
			);
			name = LaunchScreen.storyboard;
			sourceTree = "<group>";
		};
/* End PBXVariantGroup section */

/* Begin XCBuildConfiguration section */
		82E696272097A7A600C37700 /* Debug */ = {
			isa = XCBuildConfiguration;
			buildSettings = {
				ALWAYS_SEARCH_USER_PATHS = NO;
				CLANG_ANALYZER_NONNULL = YES;
				CLANG_ANALYZER_NUMBER_OBJECT_CONVERSION = YES_AGGRESSIVE;
				CLANG_CXX_LANGUAGE_STANDARD = "gnu++0x";
				CLANG_CXX_LIBRARY = "libc++";
				CLANG_ENABLE_MODULES = YES;
				CLANG_ENABLE_OBJC_ARC = YES;
				CLANG_WARN_BOOL_CONVERSION = YES;
				CLANG_WARN_CONSTANT_CONVERSION = YES;
				CLANG_WARN_DIRECT_OBJC_ISA_USAGE = YES_ERROR;
				CLANG_WARN_DOCUMENTATION_COMMENTS = YES;
				CLANG_WARN_EMPTY_BODY = YES;
				CLANG_WARN_ENUM_CONVERSION = YES;
				CLANG_WARN_INFINITE_RECURSION = YES;
				CLANG_WARN_INT_CONVERSION = YES;
				CLANG_WARN_OBJC_ROOT_CLASS = YES_ERROR;
				CLANG_WARN_SUSPICIOUS_MOVE = YES;
				CLANG_WARN_UNREACHABLE_CODE = YES;
				CLANG_WARN__DUPLICATE_METHOD_MATCH = YES;
				"CODE_SIGN_IDENTITY[sdk=iphoneos*]" = "iPhone Developer";
				COPY_PHASE_STRIP = NO;
				DEBUG_INFORMATION_FORMAT = dwarf;
				ENABLE_STRICT_OBJC_MSGSEND = YES;
				ENABLE_TESTABILITY = YES;
				GCC_C_LANGUAGE_STANDARD = gnu99;
				GCC_DYNAMIC_NO_PIC = NO;
				GCC_NO_COMMON_BLOCKS = YES;
				GCC_OPTIMIZATION_LEVEL = 0;
				GCC_PREPROCESSOR_DEFINITIONS = (
					"DEBUG=1",
					"$(inherited)",
				);
				GCC_WARN_64_TO_32_BIT_CONVERSION = YES;
				GCC_WARN_ABOUT_RETURN_TYPE = YES_ERROR;
				GCC_WARN_UNDECLARED_SELECTOR = YES;
				GCC_WARN_UNINITIALIZED_AUTOS = YES_AGGRESSIVE;
				GCC_WARN_UNUSED_FUNCTION = YES;
				GCC_WARN_UNUSED_VARIABLE = YES;
				IPHONEOS_DEPLOYMENT_TARGET = 10.3;
				MTL_ENABLE_DEBUG_INFO = YES;
				ONLY_ACTIVE_ARCH = YES;
				SDKROOT = iphoneos;
				SWIFT_ACTIVE_COMPILATION_CONDITIONS = DEBUG;
				SWIFT_OPTIMIZATION_LEVEL = "-Onone";
			};
			name = Debug;
		};
		82E696282097A7A600C37700 /* Release */ = {
			isa = XCBuildConfiguration;
			buildSettings = {
				ALWAYS_SEARCH_USER_PATHS = NO;
				CLANG_ANALYZER_NONNULL = YES;
				CLANG_ANALYZER_NUMBER_OBJECT_CONVERSION = YES_AGGRESSIVE;
				CLANG_CXX_LANGUAGE_STANDARD = "gnu++0x";
				CLANG_CXX_LIBRARY = "libc++";
				CLANG_ENABLE_MODULES = YES;
				CLANG_ENABLE_OBJC_ARC = YES;
				CLANG_WARN_BOOL_CONVERSION = YES;
				CLANG_WARN_CONSTANT_CONVERSION = YES;
				CLANG_WARN_DIRECT_OBJC_ISA_USAGE = YES_ERROR;
				CLANG_WARN_DOCUMENTATION_COMMENTS = YES;
				CLANG_WARN_EMPTY_BODY = YES;
				CLANG_WARN_ENUM_CONVERSION = YES;
				CLANG_WARN_INFINITE_RECURSION = YES;
				CLANG_WARN_INT_CONVERSION = YES;
				CLANG_WARN_OBJC_ROOT_CLASS = YES_ERROR;
				CLANG_WARN_SUSPICIOUS_MOVE = YES;
				CLANG_WARN_UNREACHABLE_CODE = YES;
				CLANG_WARN__DUPLICATE_METHOD_MATCH = YES;
				"CODE_SIGN_IDENTITY[sdk=iphoneos*]" = "iPhone Developer";
				COPY_PHASE_STRIP = NO;
				DEBUG_INFORMATION_FORMAT = "dwarf-with-dsym";
				ENABLE_NS_ASSERTIONS = NO;
				ENABLE_STRICT_OBJC_MSGSEND = YES;
				GCC_C_LANGUAGE_STANDARD = gnu99;
				GCC_NO_COMMON_BLOCKS = YES;
				GCC_WARN_64_TO_32_BIT_CONVERSION = YES;
				GCC_WARN_ABOUT_RETURN_TYPE = YES_ERROR;
				GCC_WARN_UNDECLARED_SELECTOR = YES;
				GCC_WARN_UNINITIALIZED_AUTOS = YES_AGGRESSIVE;
				GCC_WARN_UNUSED_FUNCTION = YES;
				GCC_WARN_UNUSED_VARIABLE = YES;
				IPHONEOS_DEPLOYMENT_TARGET = 10.3;
				MTL_ENABLE_DEBUG_INFO = NO;
				SDKROOT = iphoneos;
				SWIFT_OPTIMIZATION_LEVEL = "-Owholemodule";
				VALIDATE_PRODUCT = YES;
			};
			name = Release;
		};
		82E6962A2097A7A600C37700 /* Debug */ = {
			isa = XCBuildConfiguration;
			buildSettings = {
				ASSETCATALOG_COMPILER_APPICON_NAME = AppIcon;
				INFOPLIST_FILE = QuotePro/Info.plist;
				LD_RUNPATH_SEARCH_PATHS = "$(inherited) @executable_path/Frameworks";
				PRODUCT_BUNDLE_IDENTIFIER = com.appcat.QuotePro;
				PRODUCT_NAME = "$(TARGET_NAME)";
				SWIFT_VERSION = 3.0;
			};
			name = Debug;
		};
		82E6962B2097A7A600C37700 /* Release */ = {
			isa = XCBuildConfiguration;
			buildSettings = {
				ASSETCATALOG_COMPILER_APPICON_NAME = AppIcon;
				INFOPLIST_FILE = QuotePro/Info.plist;
				LD_RUNPATH_SEARCH_PATHS = "$(inherited) @executable_path/Frameworks";
				PRODUCT_BUNDLE_IDENTIFIER = com.appcat.QuotePro;
				PRODUCT_NAME = "$(TARGET_NAME)";
				SWIFT_VERSION = 3.0;
			};
			name = Release;
		};
/* End XCBuildConfiguration section */

/* Begin XCConfigurationList section */
		82E696122097A7A600C37700 /* Build configuration list for PBXProject "QuotePro" */ = {
			isa = XCConfigurationList;
			buildConfigurations = (
				82E696272097A7A600C37700 /* Debug */,
				82E696282097A7A600C37700 /* Release */,
			);
			defaultConfigurationIsVisible = 0;
			defaultConfigurationName = Release;
		};
		82E696292097A7A600C37700 /* Build configuration list for PBXNativeTarget "QuotePro" */ = {
			isa = XCConfigurationList;
			buildConfigurations = (
				82E6962A2097A7A600C37700 /* Debug */,
				82E6962B2097A7A600C37700 /* Release */,
			);
			defaultConfigurationIsVisible = 0;
			defaultConfigurationName = Release;
		};
/* End XCConfigurationList section */
	};
	rootObject = 82E6960F2097A7A600C37700 /* Project object */;
}
